// !$*UTF8*$!
{
	archiveVersion = 1;
	classes = {
	};
	objectVersion = 50;
	objects = {

/* Begin PBXBuildFile section */
		D940AD1024A25ADC009E3777 /* AppDelegate.swift in Sources */ = {isa = PBXBuildFile; fileRef = D940AD0F24A25ADC009E3777 /* AppDelegate.swift */; };
		D940AD1224A25ADC009E3777 /* SceneDelegate.swift in Sources */ = {isa = PBXBuildFile; fileRef = D940AD1124A25ADC009E3777 /* SceneDelegate.swift */; };
		D940AD1424A25ADC009E3777 /* ContentView.swift in Sources */ = {isa = PBXBuildFile; fileRef = D940AD1324A25ADC009E3777 /* ContentView.swift */; };
		D940AD1624A25ADD009E3777 /* Assets.xcassets in Resources */ = {isa = PBXBuildFile; fileRef = D940AD1524A25ADD009E3777 /* Assets.xcassets */; };
		D940AD1924A25ADD009E3777 /* Preview Assets.xcassets in Resources */ = {isa = PBXBuildFile; fileRef = D940AD1824A25ADD009E3777 /* Preview Assets.xcassets */; };
		D940AD1C24A25ADD009E3777 /* LaunchScreen.storyboard in Resources */ = {isa = PBXBuildFile; fileRef = D940AD1A24A25ADD009E3777 /* LaunchScreen.storyboard */; };
		D940AD2724A25ADE009E3777 /* GesturesTests.swift in Sources */ = {isa = PBXBuildFile; fileRef = D940AD2624A25ADE009E3777 /* GesturesTests.swift */; };
		D940AD3224A25ADE009E3777 /* GesturesUITests.swift in Sources */ = {isa = PBXBuildFile; fileRef = D940AD3124A25ADE009E3777 /* GesturesUITests.swift */; };
/* End PBXBuildFile section */

/* Begin PBXContainerItemProxy section */
		D940AD2324A25ADE009E3777 /* PBXContainerItemProxy */ = {
			isa = PBXContainerItemProxy;
			containerPortal = D940AD0424A25ADC009E3777 /* Project object */;
			proxyType = 1;
			remoteGlobalIDString = D940AD0B24A25ADC009E3777;
			remoteInfo = Gestures;
		};
		D940AD2E24A25ADE009E3777 /* PBXContainerItemProxy */ = {
			isa = PBXContainerItemProxy;
			containerPortal = D940AD0424A25ADC009E3777 /* Project object */;
			proxyType = 1;
			remoteGlobalIDString = D940AD0B24A25ADC009E3777;
			remoteInfo = Gestures;
		};
/* End PBXContainerItemProxy section */

/* Begin PBXFileReference section */
		D940AD0C24A25ADC009E3777 /* Gestures.app */ = {isa = PBXFileReference; explicitFileType = wrapper.application; includeInIndex = 0; path = Gestures.app; sourceTree = BUILT_PRODUCTS_DIR; };
		D940AD0F24A25ADC009E3777 /* AppDelegate.swift */ = {isa = PBXFileReference; lastKnownFileType = sourcecode.swift; path = AppDelegate.swift; sourceTree = "<group>"; };
		D940AD1124A25ADC009E3777 /* SceneDelegate.swift */ = {isa = PBXFileReference; lastKnownFileType = sourcecode.swift; path = SceneDelegate.swift; sourceTree = "<group>"; };
		D940AD1324A25ADC009E3777 /* ContentView.swift */ = {isa = PBXFileReference; lastKnownFileType = sourcecode.swift; path = ContentView.swift; sourceTree = "<group>"; };
		D940AD1524A25ADD009E3777 /* Assets.xcassets */ = {isa = PBXFileReference; lastKnownFileType = folder.assetcatalog; path = Assets.xcassets; sourceTree = "<group>"; };
		D940AD1824A25ADD009E3777 /* Preview Assets.xcassets */ = {isa = PBXFileReference; lastKnownFileType = folder.assetcatalog; path = "Preview Assets.xcassets"; sourceTree = "<group>"; };
		D940AD1B24A25ADD009E3777 /* Base */ = {isa = PBXFileReference; lastKnownFileType = file.storyboard; name = Base; path = Base.lproj/LaunchScreen.storyboard; sourceTree = "<group>"; };
		D940AD1D24A25ADD009E3777 /* Info.plist */ = {isa = PBXFileReference; lastKnownFileType = text.plist.xml; path = Info.plist; sourceTree = "<group>"; };
		D940AD2224A25ADE009E3777 /* GesturesTests.xctest */ = {isa = PBXFileReference; explicitFileType = wrapper.cfbundle; includeInIndex = 0; path = GesturesTests.xctest; sourceTree = BUILT_PRODUCTS_DIR; };
		D940AD2624A25ADE009E3777 /* GesturesTests.swift */ = {isa = PBXFileReference; lastKnownFileType = sourcecode.swift; path = GesturesTests.swift; sourceTree = "<group>"; };
		D940AD2824A25ADE009E3777 /* Info.plist */ = {isa = PBXFileReference; lastKnownFileType = text.plist.xml; path = Info.plist; sourceTree = "<group>"; };
		D940AD2D24A25ADE009E3777 /* GesturesUITests.xctest */ = {isa = PBXFileReference; explicitFileType = wrapper.cfbundle; includeInIndex = 0; path = GesturesUITests.xctest; sourceTree = BUILT_PRODUCTS_DIR; };
		D940AD3124A25ADE009E3777 /* GesturesUITests.swift */ = {isa = PBXFileReference; lastKnownFileType = sourcecode.swift; path = GesturesUITests.swift; sourceTree = "<group>"; };
		D940AD3324A25ADE009E3777 /* Info.plist */ = {isa = PBXFileReference; lastKnownFileType = text.plist.xml; path = Info.plist; sourceTree = "<group>"; };
/* End PBXFileReference section */

/* Begin PBXFrameworksBuildPhase section */
		D940AD0924A25ADC009E3777 /* Frameworks */ = {
			isa = PBXFrameworksBuildPhase;
			buildActionMask = 2147483647;
			files = (
			);
			runOnlyForDeploymentPostprocessing = 0;
		};
		D940AD1F24A25ADE009E3777 /* Frameworks */ = {
			isa = PBXFrameworksBuildPhase;
			buildActionMask = 2147483647;
			files = (
			);
			runOnlyForDeploymentPostprocessing = 0;
		};
		D940AD2A24A25ADE009E3777 /* Frameworks */ = {
			isa = PBXFrameworksBuildPhase;
			buildActionMask = 2147483647;
			files = (
			);
			runOnlyForDeploymentPostprocessing = 0;
		};
/* End PBXFrameworksBuildPhase section */

/* Begin PBXGroup section */
		D940AD0324A25ADC009E3777 = {
			isa = PBXGroup;
			children = (
				D940AD0E24A25ADC009E3777 /* Gestures */,
				D940AD2524A25ADE009E3777 /* GesturesTests */,
				D940AD3024A25ADE009E3777 /* GesturesUITests */,
				D940AD0D24A25ADC009E3777 /* Products */,
			);
			sourceTree = "<group>";
		};
		D940AD0D24A25ADC009E3777 /* Products */ = {
			isa = PBXGroup;
			children = (
				D940AD0C24A25ADC009E3777 /* Gestures.app */,
				D940AD2224A25ADE009E3777 /* GesturesTests.xctest */,
				D940AD2D24A25ADE009E3777 /* GesturesUITests.xctest */,
			);
			name = Products;
			sourceTree = "<group>";
		};
		D940AD0E24A25ADC009E3777 /* Gestures */ = {
			isa = PBXGroup;
			children = (
				D940AD0F24A25ADC009E3777 /* AppDelegate.swift */,
				D940AD1124A25ADC009E3777 /* SceneDelegate.swift */,
				D940AD1324A25ADC009E3777 /* ContentView.swift */,
				D940AD1524A25ADD009E3777 /* Assets.xcassets */,
				D940AD1A24A25ADD009E3777 /* LaunchScreen.storyboard */,
				D940AD1D24A25ADD009E3777 /* Info.plist */,
				D940AD1724A25ADD009E3777 /* Preview Content */,
			);
			path = Gestures;
			sourceTree = "<group>";
		};
		D940AD1724A25ADD009E3777 /* Preview Content */ = {
			isa = PBXGroup;
			children = (
				D940AD1824A25ADD009E3777 /* Preview Assets.xcassets */,
			);
			path = "Preview Content";
			sourceTree = "<group>";
		};
		D940AD2524A25ADE009E3777 /* GesturesTests */ = {
			isa = PBXGroup;
			children = (
				D940AD2624A25ADE009E3777 /* GesturesTests.swift */,
				D940AD2824A25ADE009E3777 /* Info.plist */,
			);
			path = GesturesTests;
			sourceTree = "<group>";
		};
		D940AD3024A25ADE009E3777 /* GesturesUITests */ = {
			isa = PBXGroup;
			children = (
				D940AD3124A25ADE009E3777 /* GesturesUITests.swift */,
				D940AD3324A25ADE009E3777 /* Info.plist */,
			);
			path = GesturesUITests;
			sourceTree = "<group>";
		};
/* End PBXGroup section */

/* Begin PBXNativeTarget section */
		D940AD0B24A25ADC009E3777 /* Gestures */ = {
			isa = PBXNativeTarget;
			buildConfigurationList = D940AD3624A25ADE009E3777 /* Build configuration list for PBXNativeTarget "Gestures" */;
			buildPhases = (
				D940AD0824A25ADC009E3777 /* Sources */,
				D940AD0924A25ADC009E3777 /* Frameworks */,
				D940AD0A24A25ADC009E3777 /* Resources */,
			);
			buildRules = (
			);
			dependencies = (
			);
			name = Gestures;
			productName = Gestures;
			productReference = D940AD0C24A25ADC009E3777 /* Gestures.app */;
			productType = "com.apple.product-type.application";
		};
		D940AD2124A25ADE009E3777 /* GesturesTests */ = {
			isa = PBXNativeTarget;
			buildConfigurationList = D940AD3924A25ADE009E3777 /* Build configuration list for PBXNativeTarget "GesturesTests" */;
			buildPhases = (
				D940AD1E24A25ADE009E3777 /* Sources */,
				D940AD1F24A25ADE009E3777 /* Frameworks */,
				D940AD2024A25ADE009E3777 /* Resources */,
			);
			buildRules = (
			);
			dependencies = (
				D940AD2424A25ADE009E3777 /* PBXTargetDependency */,
			);
			name = GesturesTests;
			productName = GesturesTests;
			productReference = D940AD2224A25ADE009E3777 /* GesturesTests.xctest */;
			productType = "com.apple.product-type.bundle.unit-test";
		};
		D940AD2C24A25ADE009E3777 /* GesturesUITests */ = {
			isa = PBXNativeTarget;
			buildConfigurationList = D940AD3C24A25ADE009E3777 /* Build configuration list for PBXNativeTarget "GesturesUITests" */;
			buildPhases = (
				D940AD2924A25ADE009E3777 /* Sources */,
				D940AD2A24A25ADE009E3777 /* Frameworks */,
				D940AD2B24A25ADE009E3777 /* Resources */,
			);
			buildRules = (
			);
			dependencies = (
				D940AD2F24A25ADE009E3777 /* PBXTargetDependency */,
			);
			name = GesturesUITests;
			productName = GesturesUITests;
			productReference = D940AD2D24A25ADE009E3777 /* GesturesUITests.xctest */;
			productType = "com.apple.product-type.bundle.ui-testing";
		};
/* End PBXNativeTarget section */

/* Begin PBXProject section */
		D940AD0424A25ADC009E3777 /* Project object */ = {
			isa = PBXProject;
			attributes = {
				LastSwiftUpdateCheck = 1150;
				LastUpgradeCheck = 1150;
				ORGANIZATIONNAME = "Silversun Studio";
				TargetAttributes = {
					D940AD0B24A25ADC009E3777 = {
						CreatedOnToolsVersion = 11.5;
					};
					D940AD2124A25ADE009E3777 = {
						CreatedOnToolsVersion = 11.5;
						TestTargetID = D940AD0B24A25ADC009E3777;
					};
					D940AD2C24A25ADE009E3777 = {
						CreatedOnToolsVersion = 11.5;
						TestTargetID = D940AD0B24A25ADC009E3777;
					};
				};
			};
			buildConfigurationList = D940AD0724A25ADC009E3777 /* Build configuration list for PBXProject "Gestures" */;
			compatibilityVersion = "Xcode 9.3";
			developmentRegion = en;
			hasScannedForEncodings = 0;
			knownRegions = (
				en,
				Base,
			);
			mainGroup = D940AD0324A25ADC009E3777;
			productRefGroup = D940AD0D24A25ADC009E3777 /* Products */;
			projectDirPath = "";
			projectRoot = "";
			targets = (
				D940AD0B24A25ADC009E3777 /* Gestures */,
				D940AD2124A25ADE009E3777 /* GesturesTests */,
				D940AD2C24A25ADE009E3777 /* GesturesUITests */,
			);
		};
/* End PBXProject section */

/* Begin PBXResourcesBuildPhase section */
		D940AD0A24A25ADC009E3777 /* Resources */ = {
			isa = PBXResourcesBuildPhase;
			buildActionMask = 2147483647;
			files = (
				D940AD1C24A25ADD009E3777 /* LaunchScreen.storyboard in Resources */,
				D940AD1924A25ADD009E3777 /* Preview Assets.xcassets in Resources */,
				D940AD1624A25ADD009E3777 /* Assets.xcassets in Resources */,
			);
			runOnlyForDeploymentPostprocessing = 0;
		};
		D940AD2024A25ADE009E3777 /* Resources */ = {
			isa = PBXResourcesBuildPhase;
			buildActionMask = 2147483647;
			files = (
			);
			runOnlyForDeploymentPostprocessing = 0;
		};
		D940AD2B24A25ADE009E3777 /* Resources */ = {
			isa = PBXResourcesBuildPhase;
			buildActionMask = 2147483647;
			files = (
			);
			runOnlyForDeploymentPostprocessing = 0;
		};
/* End PBXResourcesBuildPhase section */

/* Begin PBXSourcesBuildPhase section */
		D940AD0824A25ADC009E3777 /* Sources */ = {
			isa = PBXSourcesBuildPhase;
			buildActionMask = 2147483647;
			files = (
				D940AD1024A25ADC009E3777 /* AppDelegate.swift in Sources */,
				D940AD1224A25ADC009E3777 /* SceneDelegate.swift in Sources */,
				D940AD1424A25ADC009E3777 /* ContentView.swift in Sources */,
			);
			runOnlyForDeploymentPostprocessing = 0;
		};
		D940AD1E24A25ADE009E3777 /* Sources */ = {
			isa = PBXSourcesBuildPhase;
			buildActionMask = 2147483647;
			files = (
				D940AD2724A25ADE009E3777 /* GesturesTests.swift in Sources */,
			);
			runOnlyForDeploymentPostprocessing = 0;
		};
		D940AD2924A25ADE009E3777 /* Sources */ = {
			isa = PBXSourcesBuildPhase;
			buildActionMask = 2147483647;
			files = (
				D940AD3224A25ADE009E3777 /* GesturesUITests.swift in Sources */,
			);
			runOnlyForDeploymentPostprocessing = 0;
		};
/* End PBXSourcesBuildPhase section */

/* Begin PBXTargetDependency section */
		D940AD2424A25ADE009E3777 /* PBXTargetDependency */ = {
			isa = PBXTargetDependency;
			target = D940AD0B24A25ADC009E3777 /* Gestures */;
			targetProxy = D940AD2324A25ADE009E3777 /* PBXContainerItemProxy */;
		};
		D940AD2F24A25ADE009E3777 /* PBXTargetDependency */ = {
			isa = PBXTargetDependency;
			target = D940AD0B24A25ADC009E3777 /* Gestures */;
			targetProxy = D940AD2E24A25ADE009E3777 /* PBXContainerItemProxy */;
		};
/* End PBXTargetDependency section */

/* Begin PBXVariantGroup section */
		D940AD1A24A25ADD009E3777 /* LaunchScreen.storyboard */ = {
			isa = PBXVariantGroup;
			children = (
				D940AD1B24A25ADD009E3777 /* Base */,
			);
			name = LaunchScreen.storyboard;
			sourceTree = "<group>";
		};
/* End PBXVariantGroup section */

/* Begin XCBuildConfiguration section */
		D940AD3424A25ADE009E3777 /* Debug */ = {
			isa = XCBuildConfiguration;
			buildSettings = {
				ALWAYS_SEARCH_USER_PATHS = NO;
				CLANG_ANALYZER_NONNULL = YES;
				CLANG_ANALYZER_NUMBER_OBJECT_CONVERSION = YES_AGGRESSIVE;
				CLANG_CXX_LANGUAGE_STANDARD = "gnu++14";
				CLANG_CXX_LIBRARY = "libc++";
				CLANG_ENABLE_MODULES = YES;
				CLANG_ENABLE_OBJC_ARC = YES;
				CLANG_ENABLE_OBJC_WEAK = YES;
				CLANG_WARN_BLOCK_CAPTURE_AUTORELEASING = YES;
				CLANG_WARN_BOOL_CONVERSION = YES;
				CLANG_WARN_COMMA = YES;
				CLANG_WARN_CONSTANT_CONVERSION = YES;
				CLANG_WARN_DEPRECATED_OBJC_IMPLEMENTATIONS = YES;
				CLANG_WARN_DIRECT_OBJC_ISA_USAGE = YES_ERROR;
				CLANG_WARN_DOCUMENTATION_COMMENTS = YES;
				CLANG_WARN_EMPTY_BODY = YES;
				CLANG_WARN_ENUM_CONVERSION = YES;
				CLANG_WARN_INFINITE_RECURSION = YES;
				CLANG_WARN_INT_CONVERSION = YES;
				CLANG_WARN_NON_LITERAL_NULL_CONVERSION = YES;
				CLANG_WARN_OBJC_IMPLICIT_RETAIN_SELF = YES;
				CLANG_WARN_OBJC_LITERAL_CONVERSION = YES;
				CLANG_WARN_OBJC_ROOT_CLASS = YES_ERROR;
				CLANG_WARN_RANGE_LOOP_ANALYSIS = YES;
				CLANG_WARN_STRICT_PROTOTYPES = YES;
				CLANG_WARN_SUSPICIOUS_MOVE = YES;
				CLANG_WARN_UNGUARDED_AVAILABILITY = YES_AGGRESSIVE;
				CLANG_WARN_UNREACHABLE_CODE = YES;
				CLANG_WARN__DUPLICATE_METHOD_MATCH = YES;
				COPY_PHASE_STRIP = NO;
				DEBUG_INFORMATION_FORMAT = dwarf;
				ENABLE_STRICT_OBJC_MSGSEND = YES;
				ENABLE_TESTABILITY = YES;
				GCC_C_LANGUAGE_STANDARD = gnu11;
				GCC_DYNAMIC_NO_PIC = NO;
				GCC_NO_COMMON_BLOCKS = YES;
				GCC_OPTIMIZATION_LEVEL = 0;
				GCC_PREPROCESSOR_DEFINITIONS = (
					"DEBUG=1",
					"$(inherited)",
				);
				GCC_WARN_64_TO_32_BIT_CONVERSION = YES;
				GCC_WARN_ABOUT_RETURN_TYPE = YES_ERROR;
				GCC_WARN_UNDECLARED_SELECTOR = YES;
				GCC_WARN_UNINITIALIZED_AUTOS = YES_AGGRESSIVE;
				GCC_WARN_UNUSED_FUNCTION = YES;
				GCC_WARN_UNUSED_VARIABLE = YES;
				IPHONEOS_DEPLOYMENT_TARGET = 13.5;
				MTL_ENABLE_DEBUG_INFO = INCLUDE_SOURCE;
				MTL_FAST_MATH = YES;
				ONLY_ACTIVE_ARCH = YES;
				SDKROOT = iphoneos;
				SWIFT_ACTIVE_COMPILATION_CONDITIONS = DEBUG;
				SWIFT_OPTIMIZATION_LEVEL = "-Onone";
			};
			name = Debug;
		};
		D940AD3524A25ADE009E3777 /* Release */ = {
			isa = XCBuildConfiguration;
			buildSettings = {
				ALWAYS_SEARCH_USER_PATHS = NO;
				CLANG_ANALYZER_NONNULL = YES;
				CLANG_ANALYZER_NUMBER_OBJECT_CONVERSION = YES_AGGRESSIVE;
				CLANG_CXX_LANGUAGE_STANDARD = "gnu++14";
				CLANG_CXX_LIBRARY = "libc++";
				CLANG_ENABLE_MODULES = YES;
				CLANG_ENABLE_OBJC_ARC = YES;
				CLANG_ENABLE_OBJC_WEAK = YES;
				CLANG_WARN_BLOCK_CAPTURE_AUTORELEASING = YES;
				CLANG_WARN_BOOL_CONVERSION = YES;
				CLANG_WARN_COMMA = YES;
				CLANG_WARN_CONSTANT_CONVERSION = YES;
				CLANG_WARN_DEPRECATED_OBJC_IMPLEMENTATIONS = YES;
				CLANG_WARN_DIRECT_OBJC_ISA_USAGE = YES_ERROR;
				CLANG_WARN_DOCUMENTATION_COMMENTS = YES;
				CLANG_WARN_EMPTY_BODY = YES;
				CLANG_WARN_ENUM_CONVERSION = YES;
				CLANG_WARN_INFINITE_RECURSION = YES;
				CLANG_WARN_INT_CONVERSION = YES;
				CLANG_WARN_NON_LITERAL_NULL_CONVERSION = YES;
				CLANG_WARN_OBJC_IMPLICIT_RETAIN_SELF = YES;
				CLANG_WARN_OBJC_LITERAL_CONVERSION = YES;
				CLANG_WARN_OBJC_ROOT_CLASS = YES_ERROR;
				CLANG_WARN_RANGE_LOOP_ANALYSIS = YES;
				CLANG_WARN_STRICT_PROTOTYPES = YES;
				CLANG_WARN_SUSPICIOUS_MOVE = YES;
				CLANG_WARN_UNGUARDED_AVAILABILITY = YES_AGGRESSIVE;
				CLANG_WARN_UNREACHABLE_CODE = YES;
				CLANG_WARN__DUPLICATE_METHOD_MATCH = YES;
				COPY_PHASE_STRIP = NO;
				DEBUG_INFORMATION_FORMAT = "dwarf-with-dsym";
				ENABLE_NS_ASSERTIONS = NO;
				ENABLE_STRICT_OBJC_MSGSEND = YES;
				GCC_C_LANGUAGE_STANDARD = gnu11;
				GCC_NO_COMMON_BLOCKS = YES;
				GCC_WARN_64_TO_32_BIT_CONVERSION = YES;
				GCC_WARN_ABOUT_RETURN_TYPE = YES_ERROR;
				GCC_WARN_UNDECLARED_SELECTOR = YES;
				GCC_WARN_UNINITIALIZED_AUTOS = YES_AGGRESSIVE;
				GCC_WARN_UNUSED_FUNCTION = YES;
				GCC_WARN_UNUSED_VARIABLE = YES;
				IPHONEOS_DEPLOYMENT_TARGET = 13.5;
				MTL_ENABLE_DEBUG_INFO = NO;
				MTL_FAST_MATH = YES;
				SDKROOT = iphoneos;
				SWIFT_COMPILATION_MODE = wholemodule;
				SWIFT_OPTIMIZATION_LEVEL = "-O";
				VALIDATE_PRODUCT = YES;
			};
			name = Release;
		};
		D940AD3724A25ADE009E3777 /* Debug */ = {
			isa = XCBuildConfiguration;
			buildSettings = {
				ASSETCATALOG_COMPILER_APPICON_NAME = AppIcon;
				CODE_SIGN_STYLE = Automatic;
				DEVELOPMENT_ASSET_PATHS = "\"Gestures/Preview Content\"";
				DEVELOPMENT_TEAM = PH83ZF2MA5;
				ENABLE_PREVIEWS = YES;
				INFOPLIST_FILE = Gestures/Info.plist;
				LD_RUNPATH_SEARCH_PATHS = (
					"$(inherited)",
					"@executable_path/Frameworks",
				);
				PRODUCT_BUNDLE_IDENTIFIER = com.silversunstudio.Gestures;
				PRODUCT_NAME = "$(TARGET_NAME)";
				SWIFT_VERSION = 5.0;
				TARGETED_DEVICE_FAMILY = "1,2";
			};
			name = Debug;
		};
		D940AD3824A25ADE009E3777 /* Release */ = {
			isa = XCBuildConfiguration;
			buildSettings = {
				ASSETCATALOG_COMPILER_APPICON_NAME = AppIcon;
				CODE_SIGN_STYLE = Automatic;
				DEVELOPMENT_ASSET_PATHS = "\"Gestures/Preview Content\"";
				DEVELOPMENT_TEAM = PH83ZF2MA5;
				ENABLE_PREVIEWS = YES;
				INFOPLIST_FILE = Gestures/Info.plist;
				LD_RUNPATH_SEARCH_PATHS = (
					"$(inherited)",
					"@executable_path/Frameworks",
				);
				PRODUCT_BUNDLE_IDENTIFIER = com.silversunstudio.Gestures;
				PRODUCT_NAME = "$(TARGET_NAME)";
				SWIFT_VERSION = 5.0;
				TARGETED_DEVICE_FAMILY = "1,2";
			};
			name = Release;
		};
		D940AD3A24A25ADE009E3777 /* Debug */ = {
			isa = XCBuildConfiguration;
			buildSettings = {
				ALWAYS_EMBED_SWIFT_STANDARD_LIBRARIES = YES;
				BUNDLE_LOADER = "$(TEST_HOST)";
				CODE_SIGN_STYLE = Automatic;
				DEVELOPMENT_TEAM = PH83ZF2MA5;
				INFOPLIST_FILE = GesturesTests/Info.plist;
				IPHONEOS_DEPLOYMENT_TARGET = 13.5;
				LD_RUNPATH_SEARCH_PATHS = (
					"$(inherited)",
					"@executable_path/Frameworks",
					"@loader_path/Frameworks",
				);
				PRODUCT_BUNDLE_IDENTIFIER = com.silversunstudio.GesturesTests;
				PRODUCT_NAME = "$(TARGET_NAME)";
				SWIFT_VERSION = 5.0;
				TARGETED_DEVICE_FAMILY = "1,2";
				TEST_HOST = "$(BUILT_PRODUCTS_DIR)/Gestures.app/Gestures";
			};
			name = Debug;
		};
		D940AD3B24A25ADE009E3777 /* Release */ = {
			isa = XCBuildConfiguration;
			buildSettings = {
				ALWAYS_EMBED_SWIFT_STANDARD_LIBRARIES = YES;
				BUNDLE_LOADER = "$(TEST_HOST)";
				CODE_SIGN_STYLE = Automatic;
				DEVELOPMENT_TEAM = PH83ZF2MA5;
				INFOPLIST_FILE = GesturesTests/Info.plist;
				IPHONEOS_DEPLOYMENT_TARGET = 13.5;
				LD_RUNPATH_SEARCH_PATHS = (
					"$(inherited)",
					"@executable_path/Frameworks",
					"@loader_path/Frameworks",
				);
				PRODUCT_BUNDLE_IDENTIFIER = com.silversunstudio.GesturesTests;
				PRODUCT_NAME = "$(TARGET_NAME)";
				SWIFT_VERSION = 5.0;
				TARGETED_DEVICE_FAMILY = "1,2";
				TEST_HOST = "$(BUILT_PRODUCTS_DIR)/Gestures.app/Gestures";
			};
			name = Release;
		};
		D940AD3D24A25ADE009E3777 /* Debug */ = {
			isa = XCBuildConfiguration;
			buildSettings = {
				ALWAYS_EMBED_SWIFT_STANDARD_LIBRARIES = YES;
				CODE_SIGN_STYLE = Automatic;
				DEVELOPMENT_TEAM = PH83ZF2MA5;
				INFOPLIST_FILE = GesturesUITests/Info.plist;
				LD_RUNPATH_SEARCH_PATHS = (
					"$(inherited)",
					"@executable_path/Frameworks",
					"@loader_path/Frameworks",
				);
				PRODUCT_BUNDLE_IDENTIFIER = com.silversunstudio.GesturesUITests;
				PRODUCT_NAME = "$(TARGET_NAME)";
				SWIFT_VERSION = 5.0;
				TARGETED_DEVICE_FAMILY = "1,2";
				TEST_TARGET_NAME = Gestures;
			};
			name = Debug;
		};
		D940AD3E24A25ADE009E3777 /* Release */ = {
			isa = XCBuildConfiguration;
			buildSettings = {
				ALWAYS_EMBED_SWIFT_STANDARD_LIBRARIES = YES;
				CODE_SIGN_STYLE = Automatic;
				DEVELOPMENT_TEAM = PH83ZF2MA5;
				INFOPLIST_FILE = GesturesUITests/Info.plist;
				LD_RUNPATH_SEARCH_PATHS = (
					"$(inherited)",
					"@executable_path/Frameworks",
					"@loader_path/Frameworks",
				);
				PRODUCT_BUNDLE_IDENTIFIER = com.silversunstudio.GesturesUITests;
				PRODUCT_NAME = "$(TARGET_NAME)";
				SWIFT_VERSION = 5.0;
				TARGETED_DEVICE_FAMILY = "1,2";
				TEST_TARGET_NAME = Gestures;
			};
			name = Release;
		};
/* End XCBuildConfiguration section */

/* Begin XCConfigurationList section */
		D940AD0724A25ADC009E3777 /* Build configuration list for PBXProject "Gestures" */ = {
			isa = XCConfigurationList;
			buildConfigurations = (
				D940AD3424A25ADE009E3777 /* Debug */,
				D940AD3524A25ADE009E3777 /* Release */,
			);
			defaultConfigurationIsVisible = 0;
			defaultConfigurationName = Release;
		};
		D940AD3624A25ADE009E3777 /* Build configuration list for PBXNativeTarget "Gestures" */ = {
			isa = XCConfigurationList;
			buildConfigurations = (
				D940AD3724A25ADE009E3777 /* Debug */,
				D940AD3824A25ADE009E3777 /* Release */,
			);
			defaultConfigurationIsVisible = 0;
			defaultConfigurationName = Release;
		};
		D940AD3924A25ADE009E3777 /* Build configuration list for PBXNativeTarget "GesturesTests" */ = {
			isa = XCConfigurationList;
			buildConfigurations = (
				D940AD3A24A25ADE009E3777 /* Debug */,
				D940AD3B24A25ADE009E3777 /* Release */,
			);
			defaultConfigurationIsVisible = 0;
			defaultConfigurationName = Release;
		};
		D940AD3C24A25ADE009E3777 /* Build configuration list for PBXNativeTarget "GesturesUITests" */ = {
			isa = XCConfigurationList;
			buildConfigurations = (
				D940AD3D24A25ADE009E3777 /* Debug */,
				D940AD3E24A25ADE009E3777 /* Release */,
			);
			defaultConfigurationIsVisible = 0;
			defaultConfigurationName = Release;
		};
/* End XCConfigurationList section */
	};
	rootObject = D940AD0424A25ADC009E3777 /* Project object */;
}
